
Microsoft Visual Studio Solution File, Format Version 12.00
# Visual Studio Version 17
VisualStudioVersion = 17.4.33205.214
MinimumVisualStudioVersion = 10.0.40219.1
Project("{888888A0-9F3D-457C-B088-3A5042F75D52}") = "Objekt ülesane 1", "Objekt ülesane 1.pyproj", "{A1DCD1D9-647C-4E25-ADDD-B17CFA33A600}"
EndProject
Global
	GlobalSection(SolutionConfigurationPlatforms) = preSolution
		Debug|Any CPU = Debug|Any CPU
		Release|Any CPU = Release|Any CPU
	EndGlobalSection
	GlobalSection(ProjectConfigurationPlatforms) = postSolution
		{A1DCD1D9-647C-4E25-ADDD-B17CFA33A600}.Debug|Any CPU.ActiveCfg = Debug|Any CPU
		{A1DCD1D9-647C-4E25-ADDD-B17CFA33A600}.Release|Any CPU.ActiveCfg = Release|Any CPU
	EndGlobalSection
	GlobalSection(SolutionProperties) = preSolution
		HideSolutionNode = FALSE
	EndGlobalSection
	GlobalSection(ExtensibilityGlobals) = postSolution
		SolutionGuid = {8A31FA23-0F7C-4BF5-8D28-A8FAC5E0591F}
	EndGlobalSection
EndGlobal
